// !$*UTF8*$!
{
	archiveVersion = 1;
	classes = {
	};
	objectVersion = 46;
	objects = {

/* Begin PBXBuildFile section */
		3D0CBE8818CAC55600B199F3 /* MEDConfig.m in Sources */ = {isa = PBXBuildFile; fileRef = 3D0CBE8518CAC55600B199F3 /* MEDConfig.m */; };
		3D0CBE8918CAC55600B199F3 /* MEDConfig.m in Sources */ = {isa = PBXBuildFile; fileRef = 3D0CBE8518CAC55600B199F3 /* MEDConfig.m */; };
		3D0CBE8A18CAC55600B199F3 /* MEDPipeline.m in Sources */ = {isa = PBXBuildFile; fileRef = 3D0CBE8718CAC55600B199F3 /* MEDPipeline.m */; };
		3D0CBE8B18CAC55600B199F3 /* MEDPipeline.m in Sources */ = {isa = PBXBuildFile; fileRef = 3D0CBE8718CAC55600B199F3 /* MEDPipeline.m */; };
		3D18D41118CCB5F000C1E76D /* MEDDocument.m in Sources */ = {isa = PBXBuildFile; fileRef = 3D18D40F18CCB5F000C1E76D /* MEDDocument.m */; };
		3D18D41518CCB9CC00C1E76D /* MEDWindowController.m in Sources */ = {isa = PBXBuildFile; fileRef = 3D18D41418CCB9CC00C1E76D /* MEDWindowController.m */; };
		3D18D41918CCBA7300C1E76D /* MEDWindow.xib in Resources */ = {isa = PBXBuildFile; fileRef = 3D18D41818CCBA7300C1E76D /* MEDWindow.xib */; };
		3D39B60318C6C91A00EACA08 /* Cocoa.framework in Frameworks */ = {isa = PBXBuildFile; fileRef = 3D39B60218C6C91A00EACA08 /* Cocoa.framework */; };
		3D39B61B18C6C91A00EACA08 /* Images.xcassets in Resources */ = {isa = PBXBuildFile; fileRef = 3D39B61A18C6C91A00EACA08 /* Images.xcassets */; };
		3D39B62218C6C91A00EACA08 /* XCTest.framework in Frameworks */ = {isa = PBXBuildFile; fileRef = 3D39B62118C6C91A00EACA08 /* XCTest.framework */; };
		3D39B62318C6C91A00EACA08 /* Cocoa.framework in Frameworks */ = {isa = PBXBuildFile; fileRef = 3D39B60218C6C91A00EACA08 /* Cocoa.framework */; };
		3D39B62B18C6C91B00EACA08 /* InfoPlist.strings in Resources */ = {isa = PBXBuildFile; fileRef = 3D39B62918C6C91B00EACA08 /* InfoPlist.strings */; };
		3D39B62D18C6C91B00EACA08 /* medTests.m in Sources */ = {isa = PBXBuildFile; fileRef = 3D39B62C18C6C91B00EACA08 /* medTests.m */; };
		3D39B63D18C6CCA500EACA08 /* MEDAppDelegate.m in Sources */ = {isa = PBXBuildFile; fileRef = 3D39B63C18C6CCA500EACA08 /* MEDAppDelegate.m */; };
		3D39B63E18C6CCA500EACA08 /* MEDAppDelegate.m in Sources */ = {isa = PBXBuildFile; fileRef = 3D39B63C18C6CCA500EACA08 /* MEDAppDelegate.m */; };
		3D39B64018C6CCBA00EACA08 /* MainMenu.xib in Resources */ = {isa = PBXBuildFile; fileRef = 3D39B63F18C6CCBA00EACA08 /* MainMenu.xib */; };
		3D39B64118C6CCBA00EACA08 /* MainMenu.xib in Resources */ = {isa = PBXBuildFile; fileRef = 3D39B63F18C6CCBA00EACA08 /* MainMenu.xib */; };
		3D61D01A18E07D8300DB8AE0 /* MEDPublisher.m in Sources */ = {isa = PBXBuildFile; fileRef = 3D61D01918E07D8300DB8AE0 /* MEDPublisher.m */; };
		3D61D01B18E07D8300DB8AE0 /* MEDPublisher.m in Sources */ = {isa = PBXBuildFile; fileRef = 3D61D01918E07D8300DB8AE0 /* MEDPublisher.m */; };
		3DA38A3F18DC82810025D45E /* Credits.rtf in Resources */ = {isa = PBXBuildFile; fileRef = 3DA38A3218DC82810025D45E /* Credits.rtf */; };
		3DA38A4018DC82810025D45E /* InfoPlist.strings in Resources */ = {isa = PBXBuildFile; fileRef = 3DA38A3418DC82810025D45E /* InfoPlist.strings */; };
		3DA38A4118DC82810025D45E /* layout.html in Resources */ = {isa = PBXBuildFile; fileRef = 3DA38A3618DC82810025D45E /* layout.html */; };
		3DA38A4218DC82810025D45E /* main.m in Sources */ = {isa = PBXBuildFile; fileRef = 3DA38A3718DC82810025D45E /* main.m */; };
		3DA38A4418DC82810025D45E /* med.json in Resources */ = {isa = PBXBuildFile; fileRef = 3DA38A3A18DC82810025D45E /* med.json */; };
		3DA38A4518DC82810025D45E /* github.css in Resources */ = {isa = PBXBuildFile; fileRef = 3DA38A3C18DC82810025D45E /* github.css */; };
		3DA38A4618DC82810025D45E /* normalize.css in Resources */ = {isa = PBXBuildFile; fileRef = 3DA38A3E18DC82810025D45E /* normalize.css */; };
		3DA38A4818DC842E0025D45E /* dirty-shade.png in Resources */ = {isa = PBXBuildFile; fileRef = 3DA38A4718DC842E0025D45E /* dirty-shade.png */; };
		3DB1736C18C75409003C2117 /* WebKit.framework in Frameworks */ = {isa = PBXBuildFile; fileRef = 3DB1736B18C75409003C2117 /* WebKit.framework */; };
		8962A526E6554686B2CA6857 /* libPods.a in Frameworks */ = {isa = PBXBuildFile; fileRef = E8870B91C689486B8C4F8BF9 /* libPods.a */; };
/* End PBXBuildFile section */

/* Begin PBXContainerItemProxy section */
		3D39B62418C6C91A00EACA08 /* PBXContainerItemProxy */ = {
			isa = PBXContainerItemProxy;
			containerPortal = 3D39B5F718C6C91A00EACA08 /* Project object */;
			proxyType = 1;
			remoteGlobalIDString = 3D39B5FE18C6C91A00EACA08;
			remoteInfo = med;
		};
/* End PBXContainerItemProxy section */

/* Begin PBXFileReference section */
		2F6788B1215D4914843528D3 /* Pods.xcconfig */ = {isa = PBXFileReference; includeInIndex = 1; lastKnownFileType = text.xcconfig; name = Pods.xcconfig; path = Pods/Pods.xcconfig; sourceTree = "<group>"; };
		3D0CBE8418CAC55600B199F3 /* MEDConfig.h */ = {isa = PBXFileReference; fileEncoding = 4; lastKnownFileType = sourcecode.c.h; path = MEDConfig.h; sourceTree = "<group>"; };
		3D0CBE8518CAC55600B199F3 /* MEDConfig.m */ = {isa = PBXFileReference; fileEncoding = 4; lastKnownFileType = sourcecode.c.objc; path = MEDConfig.m; sourceTree = "<group>"; };
		3D0CBE8618CAC55600B199F3 /* MEDPipeline.h */ = {isa = PBXFileReference; fileEncoding = 4; lastKnownFileType = sourcecode.c.h; path = MEDPipeline.h; sourceTree = "<group>"; };
		3D0CBE8718CAC55600B199F3 /* MEDPipeline.m */ = {isa = PBXFileReference; fileEncoding = 4; lastKnownFileType = sourcecode.c.objc; path = MEDPipeline.m; sourceTree = "<group>"; };
		3D18D40E18CCB5F000C1E76D /* MEDDocument.h */ = {isa = PBXFileReference; fileEncoding = 4; lastKnownFileType = sourcecode.c.h; path = MEDDocument.h; sourceTree = "<group>"; };
		3D18D40F18CCB5F000C1E76D /* MEDDocument.m */ = {isa = PBXFileReference; fileEncoding = 4; lastKnownFileType = sourcecode.c.objc; path = MEDDocument.m; sourceTree = "<group>"; };
		3D18D41318CCB9CC00C1E76D /* MEDWindowController.h */ = {isa = PBXFileReference; fileEncoding = 4; lastKnownFileType = sourcecode.c.h; path = MEDWindowController.h; sourceTree = "<group>"; };
		3D18D41418CCB9CC00C1E76D /* MEDWindowController.m */ = {isa = PBXFileReference; fileEncoding = 4; lastKnownFileType = sourcecode.c.objc; path = MEDWindowController.m; sourceTree = "<group>"; };
		3D18D41818CCBA7300C1E76D /* MEDWindow.xib */ = {isa = PBXFileReference; fileEncoding = 4; lastKnownFileType = file.xib; path = MEDWindow.xib; sourceTree = "<group>"; };
		3D39B5FF18C6C91A00EACA08 /* med.app */ = {isa = PBXFileReference; explicitFileType = wrapper.application; includeInIndex = 0; path = med.app; sourceTree = BUILT_PRODUCTS_DIR; };
		3D39B60218C6C91A00EACA08 /* Cocoa.framework */ = {isa = PBXFileReference; lastKnownFileType = wrapper.framework; name = Cocoa.framework; path = System/Library/Frameworks/Cocoa.framework; sourceTree = SDKROOT; };
		3D39B60518C6C91A00EACA08 /* AppKit.framework */ = {isa = PBXFileReference; lastKnownFileType = wrapper.framework; name = AppKit.framework; path = System/Library/Frameworks/AppKit.framework; sourceTree = SDKROOT; };
		3D39B60618C6C91A00EACA08 /* CoreData.framework */ = {isa = PBXFileReference; lastKnownFileType = wrapper.framework; name = CoreData.framework; path = System/Library/Frameworks/CoreData.framework; sourceTree = SDKROOT; };
		3D39B60718C6C91A00EACA08 /* Foundation.framework */ = {isa = PBXFileReference; lastKnownFileType = wrapper.framework; name = Foundation.framework; path = System/Library/Frameworks/Foundation.framework; sourceTree = SDKROOT; };
		3D39B61A18C6C91A00EACA08 /* Images.xcassets */ = {isa = PBXFileReference; lastKnownFileType = folder.assetcatalog; path = Images.xcassets; sourceTree = "<group>"; };
		3D39B62018C6C91A00EACA08 /* medTests.xctest */ = {isa = PBXFileReference; explicitFileType = wrapper.cfbundle; includeInIndex = 0; path = medTests.xctest; sourceTree = BUILT_PRODUCTS_DIR; };
		3D39B62118C6C91A00EACA08 /* XCTest.framework */ = {isa = PBXFileReference; lastKnownFileType = wrapper.framework; name = XCTest.framework; path = Library/Frameworks/XCTest.framework; sourceTree = DEVELOPER_DIR; };
		3D39B62818C6C91B00EACA08 /* medTests-Info.plist */ = {isa = PBXFileReference; lastKnownFileType = text.plist.xml; path = "medTests-Info.plist"; sourceTree = "<group>"; };
		3D39B62A18C6C91B00EACA08 /* en */ = {isa = PBXFileReference; lastKnownFileType = text.plist.strings; name = en; path = en.lproj/InfoPlist.strings; sourceTree = "<group>"; };
		3D39B62C18C6C91B00EACA08 /* medTests.m */ = {isa = PBXFileReference; lastKnownFileType = sourcecode.c.objc; path = medTests.m; sourceTree = "<group>"; };
		3D39B63B18C6CCA500EACA08 /* MEDAppDelegate.h */ = {isa = PBXFileReference; fileEncoding = 4; lastKnownFileType = sourcecode.c.h; path = MEDAppDelegate.h; sourceTree = "<group>"; };
		3D39B63C18C6CCA500EACA08 /* MEDAppDelegate.m */ = {isa = PBXFileReference; fileEncoding = 4; lastKnownFileType = sourcecode.c.objc; path = MEDAppDelegate.m; sourceTree = "<group>"; };
		3D39B63F18C6CCBA00EACA08 /* MainMenu.xib */ = {isa = PBXFileReference; fileEncoding = 4; lastKnownFileType = file.xib; path = MainMenu.xib; sourceTree = "<group>"; };
		3D61D01818E07D8200DB8AE0 /* MEDPublisher.h */ = {isa = PBXFileReference; fileEncoding = 4; lastKnownFileType = sourcecode.c.h; path = MEDPublisher.h; sourceTree = "<group>"; };
		3D61D01918E07D8300DB8AE0 /* MEDPublisher.m */ = {isa = PBXFileReference; fileEncoding = 4; lastKnownFileType = sourcecode.c.objc; path = MEDPublisher.m; sourceTree = "<group>"; };
		3DA38A3318DC82810025D45E /* en */ = {isa = PBXFileReference; lastKnownFileType = text.rtf; name = en; path = Credits.rtf; sourceTree = "<group>"; };
		3DA38A3518DC82810025D45E /* en */ = {isa = PBXFileReference; lastKnownFileType = text.plist.strings; name = en; path = InfoPlist.strings; sourceTree = "<group>"; };
		3DA38A3618DC82810025D45E /* layout.html */ = {isa = PBXFileReference; fileEncoding = 4; lastKnownFileType = text.html; path = layout.html; sourceTree = "<group>"; };
		3DA38A3718DC82810025D45E /* main.m */ = {isa = PBXFileReference; fileEncoding = 4; lastKnownFileType = sourcecode.c.objc; path = main.m; sourceTree = "<group>"; };
		3DA38A3818DC82810025D45E /* med-Info.plist */ = {isa = PBXFileReference; fileEncoding = 4; lastKnownFileType = text.plist.xml; path = "med-Info.plist"; sourceTree = "<group>"; };
		3DA38A3918DC82810025D45E /* med-Prefix.pch */ = {isa = PBXFileReference; fileEncoding = 4; lastKnownFileType = sourcecode.c.h; path = "med-Prefix.pch"; sourceTree = "<group>"; };
		3DA38A3A18DC82810025D45E /* med.json */ = {isa = PBXFileReference; fileEncoding = 4; lastKnownFileType = text.json; path = med.json; sourceTree = "<group>"; };
		3DA38A3C18DC82810025D45E /* github.css */ = {isa = PBXFileReference; fileEncoding = 4; lastKnownFileType = text.css; path = github.css; sourceTree = "<group>"; };
		3DA38A3E18DC82810025D45E /* normalize.css */ = {isa = PBXFileReference; fileEncoding = 4; lastKnownFileType = text.css; path = normalize.css; sourceTree = "<group>"; };
		3DA38A4718DC842E0025D45E /* dirty-shade.png */ = {isa = PBXFileReference; lastKnownFileType = image.png; path = "dirty-shade.png"; sourceTree = "<group>"; };
		3DB1736B18C75409003C2117 /* WebKit.framework */ = {isa = PBXFileReference; lastKnownFileType = wrapper.framework; name = WebKit.framework; path = System/Library/Frameworks/WebKit.framework; sourceTree = SDKROOT; };
		E8870B91C689486B8C4F8BF9 /* libPods.a */ = {isa = PBXFileReference; explicitFileType = archive.ar; includeInIndex = 0; path = libPods.a; sourceTree = BUILT_PRODUCTS_DIR; };
/* End PBXFileReference section */

/* Begin PBXFrameworksBuildPhase section */
		3D39B5FC18C6C91A00EACA08 /* Frameworks */ = {
			isa = PBXFrameworksBuildPhase;
			buildActionMask = 2147483647;
			files = (
				3DB1736C18C75409003C2117 /* WebKit.framework in Frameworks */,
				3D39B60318C6C91A00EACA08 /* Cocoa.framework in Frameworks */,
				8962A526E6554686B2CA6857 /* libPods.a in Frameworks */,
			);
			runOnlyForDeploymentPostprocessing = 0;
		};
		3D39B61D18C6C91A00EACA08 /* Frameworks */ = {
			isa = PBXFrameworksBuildPhase;
			buildActionMask = 2147483647;
			files = (
				3D39B62318C6C91A00EACA08 /* Cocoa.framework in Frameworks */,
				3D39B62218C6C91A00EACA08 /* XCTest.framework in Frameworks */,
			);
			runOnlyForDeploymentPostprocessing = 0;
		};
/* End PBXFrameworksBuildPhase section */

/* Begin PBXGroup section */
		3D39B5F618C6C91A00EACA08 = {
			isa = PBXGroup;
			children = (
				3D39B60818C6C91A00EACA08 /* med */,
				3D39B62618C6C91A00EACA08 /* medTests */,
				3D39B60118C6C91A00EACA08 /* Frameworks */,
				3D39B60018C6C91A00EACA08 /* Products */,
				2F6788B1215D4914843528D3 /* Pods.xcconfig */,
			);
			sourceTree = "<group>";
		};
		3D39B60018C6C91A00EACA08 /* Products */ = {
			isa = PBXGroup;
			children = (
				3D39B5FF18C6C91A00EACA08 /* med.app */,
				3D39B62018C6C91A00EACA08 /* medTests.xctest */,
			);
			name = Products;
			sourceTree = "<group>";
		};
		3D39B60118C6C91A00EACA08 /* Frameworks */ = {
			isa = PBXGroup;
			children = (
				3DB1736B18C75409003C2117 /* WebKit.framework */,
				3D39B60218C6C91A00EACA08 /* Cocoa.framework */,
				3D39B62118C6C91A00EACA08 /* XCTest.framework */,
				3D39B60418C6C91A00EACA08 /* Other Frameworks */,
				E8870B91C689486B8C4F8BF9 /* libPods.a */,
			);
			name = Frameworks;
			sourceTree = "<group>";
		};
		3D39B60418C6C91A00EACA08 /* Other Frameworks */ = {
			isa = PBXGroup;
			children = (
				3D39B60518C6C91A00EACA08 /* AppKit.framework */,
				3D39B60618C6C91A00EACA08 /* CoreData.framework */,
				3D39B60718C6C91A00EACA08 /* Foundation.framework */,
			);
			name = "Other Frameworks";
			sourceTree = "<group>";
		};
		3D39B60818C6C91A00EACA08 /* med */ = {
			isa = PBXGroup;
			children = (
				3D39B63818C6CB4B00EACA08 /* Models */,
				3D39B63918C6CB4B00EACA08 /* ViewControllers */,
				3D39B63A18C6CB4C00EACA08 /* Views */,
				3D39B60918C6C91A00EACA08 /* Supporting Files */,
				3D39B61A18C6C91A00EACA08 /* Images.xcassets */,
			);
			path = med;
			sourceTree = "<group>";
		};
		3D39B60918C6C91A00EACA08 /* Supporting Files */ = {
			isa = PBXGroup;
			children = (
				3DA38A3118DC82810025D45E /* en.lproj */,
				3DA38A3618DC82810025D45E /* layout.html */,
				3DA38A3718DC82810025D45E /* main.m */,
				3DA38A3818DC82810025D45E /* med-Info.plist */,
				3DA38A3918DC82810025D45E /* med-Prefix.pch */,
				3DA38A3A18DC82810025D45E /* med.json */,
				3DA38A3B18DC82810025D45E /* stylesheets */,
			);
			name = "Supporting Files";
			path = SupportingFiles;
			sourceTree = "<group>";
		};
		3D39B62618C6C91A00EACA08 /* medTests */ = {
			isa = PBXGroup;
			children = (
				3D39B62C18C6C91B00EACA08 /* medTests.m */,
				3D39B62718C6C91B00EACA08 /* Supporting Files */,
			);
			path = medTests;
			sourceTree = "<group>";
		};
		3D39B62718C6C91B00EACA08 /* Supporting Files */ = {
			isa = PBXGroup;
			children = (
				3D39B62818C6C91B00EACA08 /* medTests-Info.plist */,
				3D39B62918C6C91B00EACA08 /* InfoPlist.strings */,
			);
			name = "Supporting Files";
			sourceTree = "<group>";
		};
		3D39B63818C6CB4B00EACA08 /* Models */ = {
			isa = PBXGroup;
			children = (
				3D0CBE8418CAC55600B199F3 /* MEDConfig.h */,
				3D0CBE8518CAC55600B199F3 /* MEDConfig.m */,
				3D18D40E18CCB5F000C1E76D /* MEDDocument.h */,
				3D18D40F18CCB5F000C1E76D /* MEDDocument.m */,
				3D0CBE8618CAC55600B199F3 /* MEDPipeline.h */,
				3D0CBE8718CAC55600B199F3 /* MEDPipeline.m */,
				3D61D01818E07D8200DB8AE0 /* MEDPublisher.h */,
				3D61D01918E07D8300DB8AE0 /* MEDPublisher.m */,
			);
			path = Models;
			sourceTree = "<group>";
		};
		3D39B63918C6CB4B00EACA08 /* ViewControllers */ = {
			isa = PBXGroup;
			children = (
				3D39B63B18C6CCA500EACA08 /* MEDAppDelegate.h */,
				3D39B63C18C6CCA500EACA08 /* MEDAppDelegate.m */,
				3D18D41318CCB9CC00C1E76D /* MEDWindowController.h */,
				3D18D41418CCB9CC00C1E76D /* MEDWindowController.m */,
			);
			path = ViewControllers;
			sourceTree = "<group>";
		};
		3D39B63A18C6CB4C00EACA08 /* Views */ = {
			isa = PBXGroup;
			children = (
				3D39B63F18C6CCBA00EACA08 /* MainMenu.xib */,
				3D18D41818CCBA7300C1E76D /* MEDWindow.xib */,
			);
			path = Views;
			sourceTree = "<group>";
		};
		3DA38A3118DC82810025D45E /* en.lproj */ = {
			isa = PBXGroup;
			children = (
				3DA38A3218DC82810025D45E /* Credits.rtf */,
				3DA38A3418DC82810025D45E /* InfoPlist.strings */,
			);
			path = en.lproj;
			sourceTree = "<group>";
		};
		3DA38A3B18DC82810025D45E /* stylesheets */ = {
			isa = PBXGroup;
			children = (
				3DA38A3C18DC82810025D45E /* github.css */,
				3DA38A3D18DC82810025D45E /* images */,
				3DA38A3E18DC82810025D45E /* normalize.css */,
			);
			path = stylesheets;
			sourceTree = "<group>";
		};
		3DA38A3D18DC82810025D45E /* images */ = {
			isa = PBXGroup;
			children = (
				3DA38A4718DC842E0025D45E /* dirty-shade.png */,
			);
			path = images;
			sourceTree = "<group>";
		};
/* End PBXGroup section */

/* Begin PBXNativeTarget section */
		3D39B5FE18C6C91A00EACA08 /* med */ = {
			isa = PBXNativeTarget;
			buildConfigurationList = 3D39B63018C6C91B00EACA08 /* Build configuration list for PBXNativeTarget "med" */;
			buildPhases = (
				FE91F6F7719346E888B407FE /* Check Pods Manifest.lock */,
				3D39B5FB18C6C91A00EACA08 /* Sources */,
				3D39B5FC18C6C91A00EACA08 /* Frameworks */,
				3D39B5FD18C6C91A00EACA08 /* Resources */,
				93105F0308EE4AADB85C5336 /* Copy Pods Resources */,
			);
			buildRules = (
			);
			dependencies = (
			);
			name = med;
			productName = med;
			productReference = 3D39B5FF18C6C91A00EACA08 /* med.app */;
			productType = "com.apple.product-type.application";
		};
		3D39B61F18C6C91A00EACA08 /* medTests */ = {
			isa = PBXNativeTarget;
			buildConfigurationList = 3D39B63318C6C91B00EACA08 /* Build configuration list for PBXNativeTarget "medTests" */;
			buildPhases = (
				3D39B61C18C6C91A00EACA08 /* Sources */,
				3D39B61D18C6C91A00EACA08 /* Frameworks */,
				3D39B61E18C6C91A00EACA08 /* Resources */,
			);
			buildRules = (
			);
			dependencies = (
				3D39B62518C6C91A00EACA08 /* PBXTargetDependency */,
			);
			name = medTests;
			productName = medTests;
			productReference = 3D39B62018C6C91A00EACA08 /* medTests.xctest */;
			productType = "com.apple.product-type.bundle.unit-test";
		};
/* End PBXNativeTarget section */

/* Begin PBXProject section */
		3D39B5F718C6C91A00EACA08 /* Project object */ = {
			isa = PBXProject;
			attributes = {
				CLASSPREFIX = MED;
				LastUpgradeCheck = 0510;
				ORGANIZATIONNAME = "Naoto Kaneko";
				TargetAttributes = {
					3D39B61F18C6C91A00EACA08 = {
						TestTargetID = 3D39B5FE18C6C91A00EACA08;
					};
				};
			};
			buildConfigurationList = 3D39B5FA18C6C91A00EACA08 /* Build configuration list for PBXProject "med" */;
			compatibilityVersion = "Xcode 3.2";
			developmentRegion = English;
			hasScannedForEncodings = 0;
			knownRegions = (
				en,
				Base,
			);
			mainGroup = 3D39B5F618C6C91A00EACA08;
			productRefGroup = 3D39B60018C6C91A00EACA08 /* Products */;
			projectDirPath = "";
			projectRoot = "";
			targets = (
				3D39B5FE18C6C91A00EACA08 /* med */,
				3D39B61F18C6C91A00EACA08 /* medTests */,
			);
		};
/* End PBXProject section */

/* Begin PBXResourcesBuildPhase section */
		3D39B5FD18C6C91A00EACA08 /* Resources */ = {
			isa = PBXResourcesBuildPhase;
			buildActionMask = 2147483647;
			files = (
				3DA38A4818DC842E0025D45E /* dirty-shade.png in Resources */,
				3D39B61B18C6C91A00EACA08 /* Images.xcassets in Resources */,
				3DA38A4618DC82810025D45E /* normalize.css in Resources */,
				3D18D41918CCBA7300C1E76D /* MEDWindow.xib in Resources */,
				3DA38A4118DC82810025D45E /* layout.html in Resources */,
				3D39B64018C6CCBA00EACA08 /* MainMenu.xib in Resources */,
				3DA38A3F18DC82810025D45E /* Credits.rtf in Resources */,
				3DA38A4518DC82810025D45E /* github.css in Resources */,
				3DA38A4418DC82810025D45E /* med.json in Resources */,
				3DA38A4018DC82810025D45E /* InfoPlist.strings in Resources */,
			);
			runOnlyForDeploymentPostprocessing = 0;
		};
		3D39B61E18C6C91A00EACA08 /* Resources */ = {
			isa = PBXResourcesBuildPhase;
			buildActionMask = 2147483647;
			files = (
				3D39B62B18C6C91B00EACA08 /* InfoPlist.strings in Resources */,
				3D39B64118C6CCBA00EACA08 /* MainMenu.xib in Resources */,
			);
			runOnlyForDeploymentPostprocessing = 0;
		};
/* End PBXResourcesBuildPhase section */

/* Begin PBXShellScriptBuildPhase section */
		93105F0308EE4AADB85C5336 /* Copy Pods Resources */ = {
			isa = PBXShellScriptBuildPhase;
			buildActionMask = 2147483647;
			files = (
			);
			inputPaths = (
			);
			name = "Copy Pods Resources";
			outputPaths = (
			);
			runOnlyForDeploymentPostprocessing = 0;
			shellPath = /bin/sh;
			shellScript = "\"${SRCROOT}/Pods/Pods-resources.sh\"\n";
			showEnvVarsInLog = 0;
		};
		FE91F6F7719346E888B407FE /* Check Pods Manifest.lock */ = {
			isa = PBXShellScriptBuildPhase;
			buildActionMask = 2147483647;
			files = (
			);
			inputPaths = (
			);
			name = "Check Pods Manifest.lock";
			outputPaths = (
			);
			runOnlyForDeploymentPostprocessing = 0;
			shellPath = /bin/sh;
			shellScript = "diff \"${PODS_ROOT}/../Podfile.lock\" \"${PODS_ROOT}/Manifest.lock\" > /dev/null\nif [[ $? != 0 ]] ; then\n    cat << EOM\nerror: The sandbox is not in sync with the Podfile.lock. Run 'pod install' or update your CocoaPods installation.\nEOM\n    exit 1\nfi\n";
			showEnvVarsInLog = 0;
		};
/* End PBXShellScriptBuildPhase section */

/* Begin PBXSourcesBuildPhase section */
		3D39B5FB18C6C91A00EACA08 /* Sources */ = {
			isa = PBXSourcesBuildPhase;
			buildActionMask = 2147483647;
			files = (
				3D0CBE8A18CAC55600B199F3 /* MEDPipeline.m in Sources */,
				3D61D01A18E07D8300DB8AE0 /* MEDPublisher.m in Sources */,
				3D18D41518CCB9CC00C1E76D /* MEDWindowController.m in Sources */,
				3D0CBE8818CAC55600B199F3 /* MEDConfig.m in Sources */,
				3D39B63D18C6CCA500EACA08 /* MEDAppDelegate.m in Sources */,
				3DA38A4218DC82810025D45E /* main.m in Sources */,
				3D18D41118CCB5F000C1E76D /* MEDDocument.m in Sources */,
			);
			runOnlyForDeploymentPostprocessing = 0;
		};
		3D39B61C18C6C91A00EACA08 /* Sources */ = {
			isa = PBXSourcesBuildPhase;
			buildActionMask = 2147483647;
			files = (
				3D61D01B18E07D8300DB8AE0 /* MEDPublisher.m in Sources */,
				3D0CBE8B18CAC55600B199F3 /* MEDPipeline.m in Sources */,
				3D39B62D18C6C91B00EACA08 /* medTests.m in Sources */,
				3D0CBE8918CAC55600B199F3 /* MEDConfig.m in Sources */,
				3D39B63E18C6CCA500EACA08 /* MEDAppDelegate.m in Sources */,
			);
			runOnlyForDeploymentPostprocessing = 0;
		};
/* End PBXSourcesBuildPhase section */

/* Begin PBXTargetDependency section */
		3D39B62518C6C91A00EACA08 /* PBXTargetDependency */ = {
			isa = PBXTargetDependency;
			target = 3D39B5FE18C6C91A00EACA08 /* med */;
			targetProxy = 3D39B62418C6C91A00EACA08 /* PBXContainerItemProxy */;
		};
/* End PBXTargetDependency section */

/* Begin PBXVariantGroup section */
		3D39B62918C6C91B00EACA08 /* InfoPlist.strings */ = {
			isa = PBXVariantGroup;
			children = (
				3D39B62A18C6C91B00EACA08 /* en */,
			);
			name = InfoPlist.strings;
			sourceTree = "<group>";
		};
		3DA38A3218DC82810025D45E /* Credits.rtf */ = {
			isa = PBXVariantGroup;
			children = (
				3DA38A3318DC82810025D45E /* en */,
			);
			name = Credits.rtf;
			sourceTree = "<group>";
		};
		3DA38A3418DC82810025D45E /* InfoPlist.strings */ = {
			isa = PBXVariantGroup;
			children = (
				3DA38A3518DC82810025D45E /* en */,
			);
			name = InfoPlist.strings;
			sourceTree = "<group>";
		};
/* End PBXVariantGroup section */

/* Begin XCBuildConfiguration section */
		3D39B62E18C6C91B00EACA08 /* Debug */ = {
			isa = XCBuildConfiguration;
			buildSettings = {
				ALWAYS_SEARCH_USER_PATHS = NO;
				CLANG_CXX_LANGUAGE_STANDARD = "gnu++0x";
				CLANG_CXX_LIBRARY = "libc++";
				CLANG_ENABLE_OBJC_ARC = YES;
				CLANG_WARN_BOOL_CONVERSION = YES;
				CLANG_WARN_CONSTANT_CONVERSION = YES;
				CLANG_WARN_DIRECT_OBJC_ISA_USAGE = YES_ERROR;
				CLANG_WARN_EMPTY_BODY = YES;
				CLANG_WARN_ENUM_CONVERSION = YES;
				CLANG_WARN_INT_CONVERSION = YES;
				CLANG_WARN_OBJC_ROOT_CLASS = YES_ERROR;
				CLANG_WARN__DUPLICATE_METHOD_MATCH = YES;
				COPY_PHASE_STRIP = NO;
				GCC_C_LANGUAGE_STANDARD = gnu99;
				GCC_DYNAMIC_NO_PIC = NO;
				GCC_ENABLE_OBJC_EXCEPTIONS = YES;
				GCC_OPTIMIZATION_LEVEL = 0;
				GCC_PREPROCESSOR_DEFINITIONS = (
					"DEBUG=1",
					"$(inherited)",
				);
				GCC_SYMBOLS_PRIVATE_EXTERN = NO;
				GCC_WARN_64_TO_32_BIT_CONVERSION = YES;
				GCC_WARN_ABOUT_RETURN_TYPE = YES_ERROR;
				GCC_WARN_UNDECLARED_SELECTOR = YES;
				GCC_WARN_UNINITIALIZED_AUTOS = YES;
				GCC_WARN_UNUSED_FUNCTION = YES;
				GCC_WARN_UNUSED_VARIABLE = YES;
				MACOSX_DEPLOYMENT_TARGET = 10.9;
				ONLY_ACTIVE_ARCH = YES;
				SDKROOT = macosx;
			};
			name = Debug;
		};
		3D39B62F18C6C91B00EACA08 /* Release */ = {
			isa = XCBuildConfiguration;
			buildSettings = {
				ALWAYS_SEARCH_USER_PATHS = NO;
				CLANG_CXX_LANGUAGE_STANDARD = "gnu++0x";
				CLANG_CXX_LIBRARY = "libc++";
				CLANG_ENABLE_OBJC_ARC = YES;
				CLANG_WARN_BOOL_CONVERSION = YES;
				CLANG_WARN_CONSTANT_CONVERSION = YES;
				CLANG_WARN_DIRECT_OBJC_ISA_USAGE = YES_ERROR;
				CLANG_WARN_EMPTY_BODY = YES;
				CLANG_WARN_ENUM_CONVERSION = YES;
				CLANG_WARN_INT_CONVERSION = YES;
				CLANG_WARN_OBJC_ROOT_CLASS = YES_ERROR;
				CLANG_WARN__DUPLICATE_METHOD_MATCH = YES;
				COPY_PHASE_STRIP = YES;
				DEBUG_INFORMATION_FORMAT = "dwarf-with-dsym";
				ENABLE_NS_ASSERTIONS = NO;
				GCC_C_LANGUAGE_STANDARD = gnu99;
				GCC_ENABLE_OBJC_EXCEPTIONS = YES;
				GCC_WARN_64_TO_32_BIT_CONVERSION = YES;
				GCC_WARN_ABOUT_RETURN_TYPE = YES_ERROR;
				GCC_WARN_UNDECLARED_SELECTOR = YES;
				GCC_WARN_UNINITIALIZED_AUTOS = YES;
				GCC_WARN_UNUSED_FUNCTION = YES;
				GCC_WARN_UNUSED_VARIABLE = YES;
				MACOSX_DEPLOYMENT_TARGET = 10.9;
				SDKROOT = macosx;
			};
			name = Release;
		};
		3D39B63118C6C91B00EACA08 /* Debug */ = {
			isa = XCBuildConfiguration;
			baseConfigurationReference = 2F6788B1215D4914843528D3 /* Pods.xcconfig */;
			buildSettings = {
				ASSETCATALOG_COMPILER_APPICON_NAME = AppIcon;
				COMBINE_HIDPI_IMAGES = YES;
				GCC_PRECOMPILE_PREFIX_HEADER = YES;
				GCC_PREFIX_HEADER = "med/SupportingFiles/med-Prefix.pch";
				INFOPLIST_FILE = "med/SupportingFiles/med-Info.plist";
				MACOSX_DEPLOYMENT_TARGET = 10.7;
				PRODUCT_NAME = "$(TARGET_NAME)";
				WRAPPER_EXTENSION = app;
			};
			name = Debug;
		};
		3D39B63218C6C91B00EACA08 /* Release */ = {
			isa = XCBuildConfiguration;
			baseConfigurationReference = 2F6788B1215D4914843528D3 /* Pods.xcconfig */;
			buildSettings = {
				ASSETCATALOG_COMPILER_APPICON_NAME = AppIcon;
				COMBINE_HIDPI_IMAGES = YES;
				GCC_PRECOMPILE_PREFIX_HEADER = YES;
				GCC_PREFIX_HEADER = "med/SupportingFiles/med-Prefix.pch";
				INFOPLIST_FILE = "med/SupportingFiles/med-Info.plist";
				MACOSX_DEPLOYMENT_TARGET = 10.7;
				PRODUCT_NAME = "$(TARGET_NAME)";
				WRAPPER_EXTENSION = app;
			};
			name = Release;
		};
		3D39B63418C6C91B00EACA08 /* Debug */ = {
			isa = XCBuildConfiguration;
			buildSettings = {
				BUNDLE_LOADER = "$(BUILT_PRODUCTS_DIR)/med.app/Contents/MacOS/med";
				COMBINE_HIDPI_IMAGES = YES;
				FRAMEWORK_SEARCH_PATHS = (
					"$(DEVELOPER_FRAMEWORKS_DIR)",
					"$(inherited)",
				);
				GCC_PRECOMPILE_PREFIX_HEADER = YES;
				GCC_PREFIX_HEADER = "med/med-Prefix.pch";
				GCC_PREPROCESSOR_DEFINITIONS = (
					"DEBUG=1",
					"$(inherited)",
				);
				INFOPLIST_FILE = "medTests/medTests-Info.plist";
				PRODUCT_NAME = "$(TARGET_NAME)";
				TEST_HOST = "$(BUNDLE_LOADER)";
				WRAPPER_EXTENSION = xctest;
			};
			name = Debug;
		};
		3D39B63518C6C91B00EACA08 /* Release */ = {
			isa = XCBuildConfiguration;
			buildSettings = {
				BUNDLE_LOADER = "$(BUILT_PRODUCTS_DIR)/med.app/Contents/MacOS/med";
				COMBINE_HIDPI_IMAGES = YES;
				FRAMEWORK_SEARCH_PATHS = (
					"$(DEVELOPER_FRAMEWORKS_DIR)",
					"$(inherited)",
				);
				GCC_PRECOMPILE_PREFIX_HEADER = YES;
				GCC_PREFIX_HEADER = "med/med-Prefix.pch";
				INFOPLIST_FILE = "medTests/medTests-Info.plist";
				PRODUCT_NAME = "$(TARGET_NAME)";
				TEST_HOST = "$(BUNDLE_LOADER)";
				WRAPPER_EXTENSION = xctest;
			};
			name = Release;
		};
/* End XCBuildConfiguration section */

/* Begin XCConfigurationList section */
		3D39B5FA18C6C91A00EACA08 /* Build configuration list for PBXProject "med" */ = {
			isa = XCConfigurationList;
			buildConfigurations = (
				3D39B62E18C6C91B00EACA08 /* Debug */,
				3D39B62F18C6C91B00EACA08 /* Release */,
			);
			defaultConfigurationIsVisible = 0;
			defaultConfigurationName = Release;
		};
		3D39B63018C6C91B00EACA08 /* Build configuration list for PBXNativeTarget "med" */ = {
			isa = XCConfigurationList;
			buildConfigurations = (
				3D39B63118C6C91B00EACA08 /* Debug */,
				3D39B63218C6C91B00EACA08 /* Release */,
			);
			defaultConfigurationIsVisible = 0;
			defaultConfigurationName = Release;
		};
		3D39B63318C6C91B00EACA08 /* Build configuration list for PBXNativeTarget "medTests" */ = {
			isa = XCConfigurationList;
			buildConfigurations = (
				3D39B63418C6C91B00EACA08 /* Debug */,
				3D39B63518C6C91B00EACA08 /* Release */,
			);
			defaultConfigurationIsVisible = 0;
			defaultConfigurationName = Release;
		};
/* End XCConfigurationList section */
	};
	rootObject = 3D39B5F718C6C91A00EACA08 /* Project object */;
}
